
Microsoft Visual Studio Solution File, Format Version 12.00
# Visual Studio 14
VisualStudioVersion = 14.0.23107.0
MinimumVisualStudioVersion = 10.0.40219.1
Project("{FAE04EC0-301F-11D3-BF4B-00C04F79EFBC}") = "WebApp", "WebApp\WebApp.csproj", "{EA21DE8B-4DEE-4431-9BEF-87D02E95104A}"
EndProject
Project("{FAE04EC0-301F-11D3-BF4B-00C04F79EFBC}") = "WebApp.Tests", "WebApp.Tests\WebApp.Tests.csproj", "{1F19CE10-35DE-4AE3-88B8-6B516FB8F0C8}"
EndProject
Project("{FAE04EC0-301F-11D3-BF4B-00C04F79EFBC}") = "SecondProject", "SecondProject\SecondProject.csproj", "{DB13C7D2-F92E-47EE-A8EC-71B99838D34C}"
EndProject
Global
	GlobalSection(SolutionConfigurationPlatforms) = preSolution
		Debug|Any CPU = Debug|Any CPU
		Release|Any CPU = Release|Any CPU
	EndGlobalSection
	GlobalSection(ProjectConfigurationPlatforms) = postSolution
		{EA21DE8B-4DEE-4431-9BEF-87D02E95104A}.Debug|Any CPU.ActiveCfg = Debug|Any CPU
		{EA21DE8B-4DEE-4431-9BEF-87D02E95104A}.Debug|Any CPU.Build.0 = Debug|Any CPU
		{EA21DE8B-4DEE-4431-9BEF-87D02E95104A}.Release|Any CPU.ActiveCfg = Release|Any CPU
		{EA21DE8B-4DEE-4431-9BEF-87D02E95104A}.Release|Any CPU.Build.0 = Release|Any CPU
		{1F19CE10-35DE-4AE3-88B8-6B516FB8F0C8}.Debug|Any CPU.ActiveCfg = Debug|Any CPU
		{1F19CE10-35DE-4AE3-88B8-6B516FB8F0C8}.Debug|Any CPU.Build.0 = Debug|Any CPU
		{1F19CE10-35DE-4AE3-88B8-6B516FB8F0C8}.Release|Any CPU.ActiveCfg = Release|Any CPU
		{1F19CE10-35DE-4AE3-88B8-6B516FB8F0C8}.Release|Any CPU.Build.0 = Release|Any CPU
		{DB13C7D2-F92E-47EE-A8EC-71B99838D34C}.Debug|Any CPU.ActiveCfg = Debug|Any CPU
		{DB13C7D2-F92E-47EE-A8EC-71B99838D34C}.Debug|Any CPU.Build.0 = Debug|Any CPU
		{DB13C7D2-F92E-47EE-A8EC-71B99838D34C}.Release|Any CPU.ActiveCfg = Release|Any CPU
		{DB13C7D2-F92E-47EE-A8EC-71B99838D34C}.Release|Any CPU.Build.0 = Release|Any CPU
	EndGlobalSection
	GlobalSection(SolutionProperties) = preSolution
		HideSolutionNode = FALSE
	EndGlobalSection
EndGlobal
